
Microsoft Visual Studio Solution File, Format Version 12.00
Project("{2150E333-8FDC-42A3-9474-1A3956D46DE8}") = "src", "src", "{D9AD6877-E94C-4358-B3C7-EFB6C07478FE}"
EndProject
Project("{2150E333-8FDC-42A3-9474-1A3956D46DE8}") = "StateMachines", "StateMachines", "{F37549CC-4812-4A12-BE4B-9913B6270C71}"
EndProject
Project("{2150E333-8FDC-42A3-9474-1A3956D46DE8}") = "Modules", "Modules", "{D59193F6-B357-4CE1-9BA2-01ABBCFB32DC}"
EndProject
Project("{2150E333-8FDC-42A3-9474-1A3956D46DE8}") = "Order", "Order", "{784086D3-FB6D-4E45-A1CB-1F7C1F707B0C}"
EndProject
Project("{FAE04EC0-301F-11D3-BF4B-00C04F79EFBC}") = "OrderStateMachine.Host", "src\StateMachines\Order\OrderStateMachine.Host\OrderStateMachine.Host.csproj", "{1C00C1E9-2AB3-4126-9A69-C0D9BC37ED5F}"
EndProject
Project("{FAE04EC0-301F-11D3-BF4B-00C04F79EFBC}") = "OrderStateMachine.Domain", "src\StateMachines\Order\OrderStateMachine.Domain\OrderStateMachine.Domain.csproj", "{0187E851-4EB3-4333-AB64-5A157DA7A91E}"
EndProject
Project("{2150E333-8FDC-42A3-9474-1A3956D46DE8}") = "Product", "Product", "{66938AFD-C932-408B-B6CE-D8B3C550AC84}"
EndProject
Project("{2150E333-8FDC-42A3-9474-1A3956D46DE8}") = "Payment", "Payment", "{D413D366-303E-4F0D-A820-811A1E62417D}"
EndProject
Project("{2150E333-8FDC-42A3-9474-1A3956D46DE8}") = "Order", "Order", "{43D8C120-204B-43D4-9756-93FEE54FB742}"
EndProject
Project("{FAE04EC0-301F-11D3-BF4B-00C04F79EFBC}") = "Order.WebApi", "src\Modules\Order\Order.WebApi\Order.WebApi.csproj", "{3B2F85DC-06D6-42C2-9E33-B3AC498D43DE}"
EndProject
Project("{FAE04EC0-301F-11D3-BF4B-00C04F79EFBC}") = "Payment.WebApi", "src\Modules\Payment\Payment.WebApi\Payment.WebApi.csproj", "{27CFB986-767B-44C1-9E8B-6228B5ED2565}"
EndProject
Project("{FAE04EC0-301F-11D3-BF4B-00C04F79EFBC}") = "Product.WebApi", "src\Modules\Product\Product.WebApi\Product.WebApi.csproj", "{0BFED299-AD37-41F2-AA86-A150390B819F}"
EndProject
Project("{2150E333-8FDC-42A3-9474-1A3956D46DE8}") = "Core", "Core", "{19ECB9FD-B2F4-4245-A488-E27594AE88F6}"
EndProject
Project("{FAE04EC0-301F-11D3-BF4B-00C04F79EFBC}") = "EventConfiguration", "src\Core\EventConfiguration\EventConfiguration.csproj", "{8EFC3F0C-3F3B-410B-BF63-DEFF87816B84}"
EndProject
Global
	GlobalSection(SolutionConfigurationPlatforms) = preSolution
		Debug|Any CPU = Debug|Any CPU
		Release|Any CPU = Release|Any CPU
	EndGlobalSection
	GlobalSection(NestedProjects) = preSolution
		{F37549CC-4812-4A12-BE4B-9913B6270C71} = {D9AD6877-E94C-4358-B3C7-EFB6C07478FE}
		{D59193F6-B357-4CE1-9BA2-01ABBCFB32DC} = {D9AD6877-E94C-4358-B3C7-EFB6C07478FE}
		{784086D3-FB6D-4E45-A1CB-1F7C1F707B0C} = {F37549CC-4812-4A12-BE4B-9913B6270C71}
		{1C00C1E9-2AB3-4126-9A69-C0D9BC37ED5F} = {784086D3-FB6D-4E45-A1CB-1F7C1F707B0C}
		{0187E851-4EB3-4333-AB64-5A157DA7A91E} = {784086D3-FB6D-4E45-A1CB-1F7C1F707B0C}
		{66938AFD-C932-408B-B6CE-D8B3C550AC84} = {D59193F6-B357-4CE1-9BA2-01ABBCFB32DC}
		{D413D366-303E-4F0D-A820-811A1E62417D} = {D59193F6-B357-4CE1-9BA2-01ABBCFB32DC}
		{43D8C120-204B-43D4-9756-93FEE54FB742} = {D59193F6-B357-4CE1-9BA2-01ABBCFB32DC}
		{3B2F85DC-06D6-42C2-9E33-B3AC498D43DE} = {43D8C120-204B-43D4-9756-93FEE54FB742}
		{27CFB986-767B-44C1-9E8B-6228B5ED2565} = {D413D366-303E-4F0D-A820-811A1E62417D}
		{0BFED299-AD37-41F2-AA86-A150390B819F} = {66938AFD-C932-408B-B6CE-D8B3C550AC84}
		{19ECB9FD-B2F4-4245-A488-E27594AE88F6} = {D9AD6877-E94C-4358-B3C7-EFB6C07478FE}
		{8EFC3F0C-3F3B-410B-BF63-DEFF87816B84} = {19ECB9FD-B2F4-4245-A488-E27594AE88F6}
	EndGlobalSection
	GlobalSection(ProjectConfigurationPlatforms) = postSolution
		{1C00C1E9-2AB3-4126-9A69-C0D9BC37ED5F}.Debug|Any CPU.ActiveCfg = Debug|Any CPU
		{1C00C1E9-2AB3-4126-9A69-C0D9BC37ED5F}.Debug|Any CPU.Build.0 = Debug|Any CPU
		{1C00C1E9-2AB3-4126-9A69-C0D9BC37ED5F}.Release|Any CPU.ActiveCfg = Release|Any CPU
		{1C00C1E9-2AB3-4126-9A69-C0D9BC37ED5F}.Release|Any CPU.Build.0 = Release|Any CPU
		{0187E851-4EB3-4333-AB64-5A157DA7A91E}.Debug|Any CPU.ActiveCfg = Debug|Any CPU
		{0187E851-4EB3-4333-AB64-5A157DA7A91E}.Debug|Any CPU.Build.0 = Debug|Any CPU
		{0187E851-4EB3-4333-AB64-5A157DA7A91E}.Release|Any CPU.ActiveCfg = Release|Any CPU
		{0187E851-4EB3-4333-AB64-5A157DA7A91E}.Release|Any CPU.Build.0 = Release|Any CPU
		{3B2F85DC-06D6-42C2-9E33-B3AC498D43DE}.Debug|Any CPU.ActiveCfg = Debug|Any CPU
		{3B2F85DC-06D6-42C2-9E33-B3AC498D43DE}.Debug|Any CPU.Build.0 = Debug|Any CPU
		{3B2F85DC-06D6-42C2-9E33-B3AC498D43DE}.Release|Any CPU.ActiveCfg = Release|Any CPU
		{3B2F85DC-06D6-42C2-9E33-B3AC498D43DE}.Release|Any CPU.Build.0 = Release|Any CPU
		{27CFB986-767B-44C1-9E8B-6228B5ED2565}.Debug|Any CPU.ActiveCfg = Debug|Any CPU
		{27CFB986-767B-44C1-9E8B-6228B5ED2565}.Debug|Any CPU.Build.0 = Debug|Any CPU
		{27CFB986-767B-44C1-9E8B-6228B5ED2565}.Release|Any CPU.ActiveCfg = Release|Any CPU
		{27CFB986-767B-44C1-9E8B-6228B5ED2565}.Release|Any CPU.Build.0 = Release|Any CPU
		{0BFED299-AD37-41F2-AA86-A150390B819F}.Debug|Any CPU.ActiveCfg = Debug|Any CPU
		{0BFED299-AD37-41F2-AA86-A150390B819F}.Debug|Any CPU.Build.0 = Debug|Any CPU
		{0BFED299-AD37-41F2-AA86-A150390B819F}.Release|Any CPU.ActiveCfg = Release|Any CPU
		{0BFED299-AD37-41F2-AA86-A150390B819F}.Release|Any CPU.Build.0 = Release|Any CPU
		{8EFC3F0C-3F3B-410B-BF63-DEFF87816B84}.Debug|Any CPU.ActiveCfg = Debug|Any CPU
		{8EFC3F0C-3F3B-410B-BF63-DEFF87816B84}.Debug|Any CPU.Build.0 = Debug|Any CPU
		{8EFC3F0C-3F3B-410B-BF63-DEFF87816B84}.Release|Any CPU.ActiveCfg = Release|Any CPU
		{8EFC3F0C-3F3B-410B-BF63-DEFF87816B84}.Release|Any CPU.Build.0 = Release|Any CPU
	EndGlobalSection
EndGlobal
